{
  "requires": true,
  "lockfileVersion": 1,
  "dependencies": {
    "@coreui/icons": {
      "version": "1.0.1",
      "resolved": "https://registry.npmjs.org/@coreui/icons/-/icons-1.0.1.tgz",
      "integrity": "sha512-DAlvdHRC+HHecdy52vskbNzNKEpu6wHDvSlsHGrwOqNxQl1YLhGEtqAW4sKpyVE3GgysNCywUWZGFlLp8I3LgA=="
    },
    "@coreui/icons-react": {
      "version": "1.0.2",
      "resolved": "https://registry.npmjs.org/@coreui/icons-react/-/icons-react-1.0.2.tgz",
      "integrity": "sha512-e0llVB8U850Wghkner9UjXkf9U1DlL771Rh5AFPwwIw+yptt1KjpJoCMyLw4FYSUSEAqH7tZaGbo0Iefm9+6jA==",
      "requires": {
        "classnames": "^2.2.6",
        "prop-types": "^15.7.2"
      }
    },
    "classnames": {
      "version": "2.2.6",
      "resolved": "https://registry.npmjs.org/classnames/-/classnames-2.2.6.tgz",
      "integrity": "sha512-JR/iSQOSt+LQIWwrwEzJ9uk0xfN3mTVYMwt1Ir5mUcSN6pU+V4zQFFaJsclJbPuAUQH+yfWef6tm7l1quW3C8Q=="
    },
    "clsx": {
      "version": "1.1.1",
      "resolved": "https://registry.npmjs.org/clsx/-/clsx-1.1.1.tgz",
      "integrity": "sha512-6/bPho624p3S2pMyvP5kKBPXnI3ufHLObBFCfgx+LkeR5lg2XYy2hqZqUf45ypD8COn2bhgGJSUE+l5dhNBieA=="
    },
    "js-tokens": {
      "version": "4.0.0",
      "resolved": "https://registry.npmjs.org/js-tokens/-/js-tokens-4.0.0.tgz",
      "integrity": "sha512-RdJUflcE3cUzKiMqQgsCu06FPu9UdIJO0beYbPhHN4k6apgJtifcoCtT9bcxOpYBtpD2kCM6Sbzg4CausW/PKQ=="
    },
    "loose-envify": {
      "version": "1.4.0",
      "resolved": "https://registry.npmjs.org/loose-envify/-/loose-envify-1.4.0.tgz",
      "integrity": "sha512-lyuxPGr/Wfhrlem2CL/UcnUc1zcqKAImBDzukY7Y5F/yQiNdko6+fRLevlw1HgMySw7f611UIY408EtxRSoK3Q==",
      "requires": {
        "js-tokens": "^3.0.0 || ^4.0.0"
      }
    },
    "object-assign": {
      "version": "4.1.1",
      "resolved": "https://registry.npmjs.org/object-assign/-/object-assign-4.1.1.tgz",
      "integrity": "sha1-IQmtx5ZYh8/AXLvUQsrIv7s2CGM="
    },
    "prop-types": {
      "version": "15.7.2",
      "resolved": "https://registry.npmjs.org/prop-types/-/prop-types-15.7.2.tgz",
      "integrity": "sha512-8QQikdH7//R2vurIJSutZ1smHYTcLpRWEOlHnzcWHmBYrOGUysKwSsrC89BCiFj3CbrfJ/nXFdJepOVrY1GCHQ==",
      "requires": {
        "loose-envify": "^1.4.0",
        "object-assign": "^4.1.1",
        "react-is": "^16.8.1"
      }
    },
    "react-is": {
      "version": "16.13.1",
      "resolved": "https://registry.npmjs.org/react-is/-/react-is-16.13.1.tgz",
      "integrity": "sha512-24e6ynE2H+OKt4kqsOvNd8kBpV65zoxbA4BVsEOB3ARVWQki/DHzaUoC5KuON/BiccDaCCTZBuOcfZs70kR8bQ=="
    },
    "react-recaptcha": {
      "version": "2.3.10",
      "resolved": "https://registry.npmjs.org/react-recaptcha/-/react-recaptcha-2.3.10.tgz",
      "integrity": "sha512-IyanbozsYCuHvTYDuskZTIEcRAMG/sdvAu5b29iQWoC8Kd3Zk9WGCv2oNxh6RfGHvSvgHAyaLjmC6ei/yMsJ7g=="
    },
    "react-toastify": {
      "version": "7.0.3",
      "resolved": "https://registry.npmjs.org/react-toastify/-/react-toastify-7.0.3.tgz",
      "integrity": "sha512-cxZ5rfurC8LzcZQMTYc8RHIkQTs+BFur18Pzk6Loz6uS8OXUWm6nXVlH/wqglz4Z7UAE8xxcF5mRjfE13487uQ==",
      "requires": {
        "clsx": "^1.1.1"
      }
    }
  }
}
